
Microsoft Visual Studio Solution File, Format Version 12.00
# Visual Studio Version 16
VisualStudioVersion = 16.0.29613.14
MinimumVisualStudioVersion = 10.0.40219.1
Project("{FAE04EC0-301F-11D3-BF4B-00C04F79EFBC}") = "ConsoleApp1", "ConsoleApp1\ConsoleApp1.csproj", "{09DC6792-2D9F-4EF7-8A4B-1739E9D7D847}"
EndProject
Global
	GlobalSection(SolutionConfigurationPlatforms) = preSolution
		Debug|Any CPU = Debug|Any CPU
		Release|Any CPU = Release|Any CPU
	EndGlobalSection
	GlobalSection(ProjectConfigurationPlatforms) = postSolution
		{09DC6792-2D9F-4EF7-8A4B-1739E9D7D847}.Debug|Any CPU.ActiveCfg = Debug|Any CPU
		{09DC6792-2D9F-4EF7-8A4B-1739E9D7D847}.Debug|Any CPU.Build.0 = Debug|Any CPU
		{09DC6792-2D9F-4EF7-8A4B-1739E9D7D847}.Release|Any CPU.ActiveCfg = Release|Any CPU
		{09DC6792-2D9F-4EF7-8A4B-1739E9D7D847}.Release|Any CPU.Build.0 = Release|Any CPU
	EndGlobalSection
	GlobalSection(SolutionProperties) = preSolution
		HideSolutionNode = FALSE
	EndGlobalSection
	GlobalSection(ExtensibilityGlobals) = postSolution
		SolutionGuid = {D747263A-33CC-420D-8F1E-9A44792ED175}
	EndGlobalSection
EndGlobal
